{
  "name": "pareto-application-api",
  "version": "0.1.7",
  "lockfileVersion": 3,
  "requires": true,
  "packages": {
    "": {
      "name": "pareto-application-api",
      "version": "0.1.7",
      "license": "Apache-2.0",
      "dependencies": {
        "pareto-core": "^0.1.0"
      }
    },
    "node_modules/pareto-core": {
      "version": "0.1.278",
      "resolved": "https://registry.npmjs.org/pareto-core/-/pareto-core-0.1.278.tgz",
      "integrity": "sha512-vTG+dDlq9dcCwWZa8Q3a24apSM4bG99SUykKjESk2xJfEk7+OHk25UXPBkQP/KDF8q92RRu21MKrD8py0g/mdw==",
      "license": "Apache-2.0"
    }
  }
}
