{
  "name": "pareto-application-api",
  "version": "0.1.7",
  "lockfileVersion": 3,
  "requires": true,
  "packages": {
    "": {
      "name": "pareto-application-api",
      "version": "0.1.7",
      "license": "Apache-2.0",
      "dependencies": {
        "pareto-core": "^0.1.0"
      }
    },
    "node_modules/pareto-core": {
      "version": "0.1.279",
      "resolved": "https://registry.npmjs.org/pareto-core/-/pareto-core-0.1.279.tgz",
      "integrity": "sha512-AGkMPc3ZSH0TZvRL/KO9DW6reWNtJU+u+BAbsqd0Cr5ynqVWuP8545Bfayo6HFdTdaYzMi3a44ZVnUXs4wTApw==",
      "license": "Apache-2.0"
    }
  }
}
