{
  "name": "pareto-application-api",
  "version": "0.1.9",
  "lockfileVersion": 3,
  "requires": true,
  "packages": {
    "": {
      "name": "pareto-application-api",
      "version": "0.1.9",
      "license": "Apache-2.0",
      "dependencies": {
        "pareto-core": "^0.1.0"
      }
    },
    "node_modules/pareto-core": {
      "version": "0.1.326",
      "resolved": "https://registry.npmjs.org/pareto-core/-/pareto-core-0.1.326.tgz",
      "integrity": "sha512-JzPrIzOrIUV1AT8yNsT++DmK9pMkBTqayDdmUD8duZS744jw/CUIojbx/OgkSMiBKJHX3HaK0NPoRq+nIvVGfQ==",
      "license": "Apache-2.0"
    }
  }
}
